lockfileVersion: '9.0'

settings:
  autoInstallPeers: true
  excludeLinksFromLockfile: false

importers:

  .:
    dependencies:
      '@life/db':
        specifier: workspace:*
        version: link:../../../packages/db
      '@life/shared':
        specifier: workspace:*
        version: link:../../../packages/shared
      hono:
        specifier: ^4.6.14
        version: 4.11.1
      zod:
        specifier: ^3.24.1
        version: 3.25.76

packages:

  hono@4.11.1:
    resolution: {integrity: sha512-KsFcH0xxHes0J4zaQgWbYwmz3UPOOskdqZmItstUG93+Wk1ePBLkLGwbP9zlmh1BFUiL8Qp+Xfu9P7feJWpGNg==}
    engines: {node: '>=16.9.0'}

  zod@3.25.76:
    resolution: {integrity: sha512-gzUt/qt81nXsFGKIFcC3YnfEAx5NkunCfnDlvuBSSFS02bcXu4Lmea0AFIUwbLWxWPx3d9p8S5QoaujKcNQxcQ==}

snapshots:

  hono@4.11.1: {}

  zod@3.25.76: {}
