lockfileVersion: '9.0'

settings:
  autoInstallPeers: true
  excludeLinksFromLockfile: false

importers:

  .:
    dependencies:
      '@hono/zod-validator':
        specifier: ^0.4.2
        version: 0.4.3(hono@4.11.1)(zod@3.25.76)
      '@life/db':
        specifier: workspace:*
        version: link:../../packages/db
      '@life/shared':
        specifier: workspace:*
        version: link:../../packages/shared
      hono:
        specifier: ^4.6.14
        version: 4.11.1
      jose:
        specifier: ^5.9.6
        version: 5.10.0
      zod:
        specifier: ^3.24.1
        version: 3.25.76

packages:

  '@hono/zod-validator@0.4.3':
    resolution: {integrity: sha512-xIgMYXDyJ4Hj6ekm9T9Y27s080Nl9NXHcJkOvkXPhubOLj8hZkOL8pDnnXfvCf5xEE8Q4oMFenQUZZREUY2gqQ==}
    peerDependencies:
      hono: '>=3.9.0'
      zod: ^3.19.1

  hono@4.11.1:
    resolution: {integrity: sha512-KsFcH0xxHes0J4zaQgWbYwmz3UPOOskdqZmItstUG93+Wk1ePBLkLGwbP9zlmh1BFUiL8Qp+Xfu9P7feJWpGNg==}
    engines: {node: '>=16.9.0'}

  jose@5.10.0:
    resolution: {integrity: sha512-s+3Al/p9g32Iq+oqXxkW//7jk2Vig6FF1CFqzVXoTUXt2qz89YWbL+OwS17NFYEvxC35n0FKeGO2LGYSxeM2Gg==}

  zod@3.25.76:
    resolution: {integrity: sha512-gzUt/qt81nXsFGKIFcC3YnfEAx5NkunCfnDlvuBSSFS02bcXu4Lmea0AFIUwbLWxWPx3d9p8S5QoaujKcNQxcQ==}

snapshots:

  '@hono/zod-validator@0.4.3(hono@4.11.1)(zod@3.25.76)':
    dependencies:
      hono: 4.11.1
      zod: 3.25.76

  hono@4.11.1: {}

  jose@5.10.0: {}

  zod@3.25.76: {}
